{
  "version": 4,
  "terraform_version": "1.5.7",
  "serial": 14,
  "lineage": "855ee2c3-060e-51a0-18cf-c6a9b730f4b6",
  "outputs": {
    "artifact_registry_repo": {
      "value": "meetmanager",
      "type": "string"
    },
    "service_account_email": {
      "value": "meetmanager-runner@mmtools-488404.iam.gserviceaccount.com",
      "type": "string"
    },
    "storage_bucket_name": {
      "value": "meetmanager-data-mmtools-488404",
      "type": "string"
    }
  },
  "resources": [
    {
      "mode": "managed",
      "type": "google_artifact_registry_repository",
      "name": "repo",
      "provider": "provider[\"registry.terraform.io/hashicorp/google\"]",
      "instances": [
        {
          "schema_version": 0,
          "attributes": {
            "cleanup_policies": [],
            "cleanup_policy_dry_run": false,
            "create_time": "2026-03-14T14:05:52.207955Z",
            "description": "Docker repository for MeetManager tools",
            "docker_config": [],
            "effective_labels": {
              "goog-terraform-provisioned": "true"
            },
            "format": "DOCKER",
            "id": "projects/mmtools-488404/locations/us-west1/repositories/meetmanager",
            "kms_key_name": "",
            "labels": null,
            "location": "us-west1",
            "maven_config": [],
            "mode": "STANDARD_REPOSITORY",
            "name": "meetmanager",
            "project": "mmtools-488404",
            "remote_repository_config": [],
            "repository_id": "meetmanager",
            "terraform_labels": {
              "goog-terraform-provisioned": "true"
            },
            "timeouts": null,
            "update_time": "2026-03-14T14:05:52.207955Z",
            "virtual_repository_config": [],
            "vulnerability_scanning_config": [
              {
                "enablement_config": "",
                "enablement_state": "SCANNING_DISABLED",
                "enablement_state_reason": "API containerscanning.googleapis.com is not enabled."
              }
            ]
          },
          "sensitive_attributes": [],
          "private": "eyJlMmJmYjczMC1lY2FhLTExZTYtOGY4OC0zNDM2M2JjN2M0YzAiOnsiY3JlYXRlIjoxMjAwMDAwMDAwMDAwLCJkZWxldGUiOjEyMDAwMDAwMDAwMDAsInVwZGF0ZSI6MTIwMDAwMDAwMDAwMH19",
          "dependencies": [
            "google_project_service.apis"
          ]
        }
      ]
    },
    {
      "mode": "managed",
      "type": "google_cloud_run_v2_service",
      "name": "backend",
      "provider": "provider[\"registry.terraform.io/hashicorp/google\"]",
      "instances": [
        {
          "schema_version": 0,
          "attributes": {
            "annotations": null,
            "binary_authorization": [],
            "build_config": [],
            "client": "",
            "client_version": "",
            "conditions": [
              {
                "execution_reason": "",
                "last_transition_time": "2026-03-14T14:05:38.416744Z",
                "message": "",
                "reason": "",
                "revision_reason": "",
                "severity": "",
                "state": "CONDITION_SUCCEEDED",
                "type": "RoutesReady"
              },
              {
                "execution_reason": "",
                "last_transition_time": "2026-03-14T14:05:33.517853Z",
                "message": "",
                "reason": "",
                "revision_reason": "",
                "severity": "",
                "state": "CONDITION_SUCCEEDED",
                "type": "ConfigurationsReady"
              }
            ],
            "create_time": "2026-03-14T14:05:32.371645Z",
            "creator": "pfishero@gmail.com",
            "custom_audiences": null,
            "delete_time": "",
            "deletion_protection": true,
            "description": "",
            "effective_annotations": {},
            "effective_labels": {
              "goog-terraform-provisioned": "true"
            },
            "etag": "\"CKzW1c0GEMi0m7EB/cHJvamVjdHMvbW10b29scy00ODg0MDQvbG9jYXRpb25zL3VzLXdlc3QxL3NlcnZpY2VzL21lZXRtYW5hZ2VyLWJhY2tlbmQ\"",
            "expire_time": "",
            "generation": "1",
            "id": "projects/mmtools-488404/locations/us-west1/services/meetmanager-backend",
            "ingress": "INGRESS_TRAFFIC_ALL",
            "invoker_iam_disabled": false,
            "labels": null,
            "last_modifier": "pfishero@gmail.com",
            "latest_created_revision": "projects/mmtools-488404/locations/us-west1/services/meetmanager-backend/revisions/meetmanager-backend-00001-5b8",
            "latest_ready_revision": "projects/mmtools-488404/locations/us-west1/services/meetmanager-backend/revisions/meetmanager-backend-00001-5b8",
            "launch_stage": "GA",
            "location": "us-west1",
            "name": "meetmanager-backend",
            "observed_generation": "1",
            "project": "mmtools-488404",
            "reconciling": false,
            "scaling": [
              {
                "manual_instance_count": 0,
                "min_instance_count": 0,
                "scaling_mode": ""
              }
            ],
            "template": [
              {
                "annotations": null,
                "containers": [
                  {
                    "args": null,
                    "base_image_uri": "",
                    "build_info": [],
                    "command": null,
                    "depends_on": null,
                    "env": [
                      {
                        "name": "GCS_BUCKET_NAME",
                        "value": "meetmanager-data-mmtools-488404",
                        "value_source": []
                      },
                      {
                        "name": "GRPC_AUTH_DISABLED",
                        "value": "false",
                        "value_source": []
                      }
                    ],
                    "image": "us-docker.pkg.dev/cloudrun/container/hello",
                    "liveness_probe": [],
                    "name": "",
                    "ports": [
                      {
                        "container_port": 8080,
                        "name": "http1"
                      }
                    ],
                    "resources": [
                      {
                        "cpu_idle": true,
                        "limits": {
                          "cpu": "1000m",
                          "memory": "512Mi"
                        },
                        "startup_cpu_boost": false
                      }
                    ],
                    "startup_probe": [
                      {
                        "failure_threshold": 1,
                        "grpc": [],
                        "http_get": [],
                        "initial_delay_seconds": 0,
                        "period_seconds": 240,
                        "tcp_socket": [
                          {
                            "port": 8080
                          }
                        ],
                        "timeout_seconds": 240
                      }
                    ],
                    "volume_mounts": [],
                    "working_dir": ""
                  }
                ],
                "encryption_key": "",
                "execution_environment": "",
                "gpu_zonal_redundancy_disabled": false,
                "labels": null,
                "max_instance_request_concurrency": 80,
                "node_selector": [],
                "revision": "",
                "scaling": [],
                "service_account": "meetmanager-runner@mmtools-488404.iam.gserviceaccount.com",
                "session_affinity": false,
                "timeout": "300s",
                "volumes": [],
                "vpc_access": []
              }
            ],
            "terminal_condition": [
              {
                "execution_reason": "",
                "last_transition_time": "2026-03-14T14:05:38.442937Z",
                "message": "",
                "reason": "",
                "revision_reason": "",
                "severity": "",
                "state": "CONDITION_SUCCEEDED",
                "type": "Ready"
              }
            ],
            "terraform_labels": {
              "goog-terraform-provisioned": "true"
            },
            "timeouts": null,
            "traffic": [
              {
                "percent": 100,
                "revision": "",
                "tag": "",
                "type": "TRAFFIC_TARGET_ALLOCATION_TYPE_LATEST"
              }
            ],
            "traffic_statuses": [
              {
                "percent": 100,
                "revision": "",
                "tag": "",
                "type": "TRAFFIC_TARGET_ALLOCATION_TYPE_LATEST",
                "uri": ""
              }
            ],
            "uid": "f70323d8-e4b1-48e8-9f95-9eba2b5d3ccd",
            "update_time": "2026-03-14T14:05:32.371645Z",
            "uri": "https://meetmanager-backend-ckhcthqhya-uw.a.run.app",
            "urls": [
              "https://meetmanager-backend-39869978853.us-west1.run.app",
              "https://meetmanager-backend-ckhcthqhya-uw.a.run.app"
            ]
          },
          "sensitive_attributes": [],
          "private": "eyJlMmJmYjczMC1lY2FhLTExZTYtOGY4OC0zNDM2M2JjN2M0YzAiOnsiY3JlYXRlIjoxMjAwMDAwMDAwMDAwLCJkZWxldGUiOjEyMDAwMDAwMDAwMDAsInVwZGF0ZSI6MTIwMDAwMDAwMDAwMH19",
          "dependencies": [
            "google_project_service.apis",
            "google_service_account.run_sa",
            "google_storage_bucket.data_bucket"
          ]
        }
      ]
    },
    {
      "mode": "managed",
      "type": "google_cloud_run_v2_service",
      "name": "frontend",
      "provider": "provider[\"registry.terraform.io/hashicorp/google\"]",
      "instances": [
        {
          "schema_version": 0,
          "attributes": {
            "annotations": null,
            "binary_authorization": [],
            "build_config": [],
            "client": "",
            "client_version": "",
            "conditions": [
              {
                "execution_reason": "",
                "last_transition_time": "2026-03-14T14:05:48.470365Z",
                "message": "",
                "reason": "",
                "revision_reason": "",
                "severity": "",
                "state": "CONDITION_SUCCEEDED",
                "type": "RoutesReady"
              },
              {
                "execution_reason": "",
                "last_transition_time": "2026-03-14T14:05:44.331822Z",
                "message": "",
                "reason": "",
                "revision_reason": "",
                "severity": "",
                "state": "CONDITION_SUCCEEDED",
                "type": "ConfigurationsReady"
              }
            ],
            "create_time": "2026-03-14T14:05:43.241455Z",
            "creator": "pfishero@gmail.com",
            "custom_audiences": null,
            "delete_time": "",
            "deletion_protection": true,
            "description": "",
            "effective_annotations": {},
            "effective_labels": {
              "goog-terraform-provisioned": "true"
            },
            "etag": "\"CLfW1c0GEJifkXM/cHJvamVjdHMvbW10b29scy00ODg0MDQvbG9jYXRpb25zL3VzLXdlc3QxL3NlcnZpY2VzL21lZXRtYW5hZ2VyLWZyb250ZW5k\"",
            "expire_time": "",
            "generation": "1",
            "id": "projects/mmtools-488404/locations/us-west1/services/meetmanager-frontend",
            "ingress": "INGRESS_TRAFFIC_ALL",
            "invoker_iam_disabled": false,
            "labels": null,
            "last_modifier": "pfishero@gmail.com",
            "latest_created_revision": "projects/mmtools-488404/locations/us-west1/services/meetmanager-frontend/revisions/meetmanager-frontend-00001-cpw",
            "latest_ready_revision": "projects/mmtools-488404/locations/us-west1/services/meetmanager-frontend/revisions/meetmanager-frontend-00001-cpw",
            "launch_stage": "GA",
            "location": "us-west1",
            "name": "meetmanager-frontend",
            "observed_generation": "1",
            "project": "mmtools-488404",
            "reconciling": false,
            "scaling": [
              {
                "manual_instance_count": 0,
                "min_instance_count": 0,
                "scaling_mode": ""
              }
            ],
            "template": [
              {
                "annotations": null,
                "containers": [
                  {
                    "args": null,
                    "base_image_uri": "",
                    "build_info": [],
                    "command": null,
                    "depends_on": null,
                    "env": [
                      {
                        "name": "BACKEND_INTERNAL_HOST",
                        "value": "meetmanager-backend-ckhcthqhya-uw.a.run.app",
                        "value_source": []
                      }
                    ],
                    "image": "us-docker.pkg.dev/cloudrun/container/hello",
                    "liveness_probe": [],
                    "name": "",
                    "ports": [
                      {
                        "container_port": 3000,
                        "name": "http1"
                      }
                    ],
                    "resources": [
                      {
                        "cpu_idle": true,
                        "limits": {
                          "cpu": "1000m",
                          "memory": "512Mi"
                        },
                        "startup_cpu_boost": false
                      }
                    ],
                    "startup_probe": [
                      {
                        "failure_threshold": 1,
                        "grpc": [],
                        "http_get": [],
                        "initial_delay_seconds": 0,
                        "period_seconds": 240,
                        "tcp_socket": [
                          {
                            "port": 3000
                          }
                        ],
                        "timeout_seconds": 240
                      }
                    ],
                    "volume_mounts": [],
                    "working_dir": ""
                  }
                ],
                "encryption_key": "",
                "execution_environment": "",
                "gpu_zonal_redundancy_disabled": false,
                "labels": null,
                "max_instance_request_concurrency": 80,
                "node_selector": [],
                "revision": "",
                "scaling": [],
                "service_account": "meetmanager-runner@mmtools-488404.iam.gserviceaccount.com",
                "session_affinity": false,
                "timeout": "300s",
                "volumes": [],
                "vpc_access": []
              }
            ],
            "terminal_condition": [
              {
                "execution_reason": "",
                "last_transition_time": "2026-03-14T14:05:48.505528Z",
                "message": "",
                "reason": "",
                "revision_reason": "",
                "severity": "",
                "state": "CONDITION_SUCCEEDED",
                "type": "Ready"
              }
            ],
            "terraform_labels": {
              "goog-terraform-provisioned": "true"
            },
            "timeouts": null,
            "traffic": [
              {
                "percent": 100,
                "revision": "",
                "tag": "",
                "type": "TRAFFIC_TARGET_ALLOCATION_TYPE_LATEST"
              }
            ],
            "traffic_statuses": [
              {
                "percent": 100,
                "revision": "",
                "tag": "",
                "type": "TRAFFIC_TARGET_ALLOCATION_TYPE_LATEST",
                "uri": ""
              }
            ],
            "uid": "bc095804-8b97-402a-b57d-fb3310937816",
            "update_time": "2026-03-14T14:05:43.241455Z",
            "uri": "https://meetmanager-frontend-ckhcthqhya-uw.a.run.app",
            "urls": [
              "https://meetmanager-frontend-39869978853.us-west1.run.app",
              "https://meetmanager-frontend-ckhcthqhya-uw.a.run.app"
            ]
          },
          "sensitive_attributes": [],
          "private": "eyJlMmJmYjczMC1lY2FhLTExZTYtOGY4OC0zNDM2M2JjN2M0YzAiOnsiY3JlYXRlIjoxMjAwMDAwMDAwMDAwLCJkZWxldGUiOjEyMDAwMDAwMDAwMDAsInVwZGF0ZSI6MTIwMDAwMDAwMDAwMH19",
          "dependencies": [
            "google_cloud_run_v2_service.backend",
            "google_project_service.apis",
            "google_service_account.run_sa",
            "google_storage_bucket.data_bucket"
          ]
        }
      ]
    },
    {
      "mode": "managed",
      "type": "google_cloud_run_v2_service_iam_member",
      "name": "backend_public",
      "provider": "provider[\"registry.terraform.io/hashicorp/google\"]",
      "instances": [
        {
          "schema_version": 0,
          "attributes": {
            "condition": [],
            "etag": "BwZM/Hs/JKI=",
            "id": "projects/mmtools-488404/locations/us-west1/services/meetmanager-backend/roles/run.invoker/allUsers",
            "location": "us-west1",
            "member": "allUsers",
            "name": "projects/mmtools-488404/locations/us-west1/services/meetmanager-backend",
            "project": "mmtools-488404",
            "role": "roles/run.invoker"
          },
          "sensitive_attributes": [],
          "private": "bnVsbA==",
          "dependencies": [
            "google_cloud_run_v2_service.backend",
            "google_project_service.apis",
            "google_service_account.run_sa",
            "google_storage_bucket.data_bucket"
          ]
        }
      ]
    },
    {
      "mode": "managed",
      "type": "google_cloud_run_v2_service_iam_member",
      "name": "frontend_public",
      "provider": "provider[\"registry.terraform.io/hashicorp/google\"]",
      "instances": [
        {
          "schema_version": 0,
          "attributes": {
            "condition": [],
            "etag": "BwZM/Hvg58Q=",
            "id": "projects/mmtools-488404/locations/us-west1/services/meetmanager-frontend/roles/run.invoker/allUsers",
            "location": "us-west1",
            "member": "allUsers",
            "name": "projects/mmtools-488404/locations/us-west1/services/meetmanager-frontend",
            "project": "mmtools-488404",
            "role": "roles/run.invoker"
          },
          "sensitive_attributes": [],
          "private": "bnVsbA==",
          "dependencies": [
            "google_cloud_run_v2_service.backend",
            "google_cloud_run_v2_service.frontend",
            "google_project_service.apis",
            "google_service_account.run_sa",
            "google_storage_bucket.data_bucket"
          ]
        }
      ]
    },
    {
      "mode": "managed",
      "type": "google_project_service",
      "name": "apis",
      "provider": "provider[\"registry.terraform.io/hashicorp/google\"]",
      "instances": [
        {
          "index_key": "artifactregistry.googleapis.com",
          "schema_version": 0,
          "attributes": {
            "disable_dependent_services": null,
            "disable_on_destroy": false,
            "id": "mmtools-488404/artifactregistry.googleapis.com",
            "project": "mmtools-488404",
            "service": "artifactregistry.googleapis.com",
            "timeouts": null
          },
          "sensitive_attributes": [],
          "private": "eyJlMmJmYjczMC1lY2FhLTExZTYtOGY4OC0zNDM2M2JjN2M0YzAiOnsiY3JlYXRlIjoxMjAwMDAwMDAwMDAwLCJkZWxldGUiOjEyMDAwMDAwMDAwMDAsInJlYWQiOjYwMDAwMDAwMDAwMCwidXBkYXRlIjoxMjAwMDAwMDAwMDAwfX0="
        },
        {
          "index_key": "iam.googleapis.com",
          "schema_version": 0,
          "attributes": {
            "disable_dependent_services": null,
            "disable_on_destroy": false,
            "id": "mmtools-488404/iam.googleapis.com",
            "project": "mmtools-488404",
            "service": "iam.googleapis.com",
            "timeouts": null
          },
          "sensitive_attributes": [],
          "private": "eyJlMmJmYjczMC1lY2FhLTExZTYtOGY4OC0zNDM2M2JjN2M0YzAiOnsiY3JlYXRlIjoxMjAwMDAwMDAwMDAwLCJkZWxldGUiOjEyMDAwMDAwMDAwMDAsInJlYWQiOjYwMDAwMDAwMDAwMCwidXBkYXRlIjoxMjAwMDAwMDAwMDAwfX0="
        },
        {
          "index_key": "run.googleapis.com",
          "schema_version": 0,
          "attributes": {
            "disable_dependent_services": null,
            "disable_on_destroy": false,
            "id": "mmtools-488404/run.googleapis.com",
            "project": "mmtools-488404",
            "service": "run.googleapis.com",
            "timeouts": null
          },
          "sensitive_attributes": [],
          "private": "eyJlMmJmYjczMC1lY2FhLTExZTYtOGY4OC0zNDM2M2JjN2M0YzAiOnsiY3JlYXRlIjoxMjAwMDAwMDAwMDAwLCJkZWxldGUiOjEyMDAwMDAwMDAwMDAsInJlYWQiOjYwMDAwMDAwMDAwMCwidXBkYXRlIjoxMjAwMDAwMDAwMDAwfX0="
        },
        {
          "index_key": "secretmanager.googleapis.com",
          "schema_version": 0,
          "attributes": {
            "disable_dependent_services": null,
            "disable_on_destroy": false,
            "id": "mmtools-488404/secretmanager.googleapis.com",
            "project": "mmtools-488404",
            "service": "secretmanager.googleapis.com",
            "timeouts": null
          },
          "sensitive_attributes": [],
          "private": "eyJlMmJmYjczMC1lY2FhLTExZTYtOGY4OC0zNDM2M2JjN2M0YzAiOnsiY3JlYXRlIjoxMjAwMDAwMDAwMDAwLCJkZWxldGUiOjEyMDAwMDAwMDAwMDAsInJlYWQiOjYwMDAwMDAwMDAwMCwidXBkYXRlIjoxMjAwMDAwMDAwMDAwfX0="
        },
        {
          "index_key": "storage.googleapis.com",
          "schema_version": 0,
          "attributes": {
            "disable_dependent_services": null,
            "disable_on_destroy": false,
            "id": "mmtools-488404/storage.googleapis.com",
            "project": "mmtools-488404",
            "service": "storage.googleapis.com",
            "timeouts": null
          },
          "sensitive_attributes": [],
          "private": "eyJlMmJmYjczMC1lY2FhLTExZTYtOGY4OC0zNDM2M2JjN2M0YzAiOnsiY3JlYXRlIjoxMjAwMDAwMDAwMDAwLCJkZWxldGUiOjEyMDAwMDAwMDAwMDAsInJlYWQiOjYwMDAwMDAwMDAwMCwidXBkYXRlIjoxMjAwMDAwMDAwMDAwfX0="
        }
      ]
    },
    {
      "mode": "managed",
      "type": "google_service_account",
      "name": "run_sa",
      "provider": "provider[\"registry.terraform.io/hashicorp/google\"]",
      "instances": [
        {
          "schema_version": 0,
          "attributes": {
            "account_id": "meetmanager-runner",
            "create_ignore_already_exists": null,
            "description": "",
            "disabled": false,
            "display_name": "Cloud Run Service Account for meetmanager",
            "email": "meetmanager-runner@mmtools-488404.iam.gserviceaccount.com",
            "id": "projects/mmtools-488404/serviceAccounts/meetmanager-runner@mmtools-488404.iam.gserviceaccount.com",
            "member": "serviceAccount:meetmanager-runner@mmtools-488404.iam.gserviceaccount.com",
            "name": "projects/mmtools-488404/serviceAccounts/meetmanager-runner@mmtools-488404.iam.gserviceaccount.com",
            "project": "mmtools-488404",
            "timeouts": null,
            "unique_id": "100986869244340223705"
          },
          "sensitive_attributes": [],
          "private": "eyJlMmJmYjczMC1lY2FhLTExZTYtOGY4OC0zNDM2M2JjN2M0YzAiOnsiY3JlYXRlIjozMDAwMDAwMDAwMDB9fQ=="
        }
      ]
    },
    {
      "mode": "managed",
      "type": "google_storage_bucket",
      "name": "data_bucket",
      "provider": "provider[\"registry.terraform.io/hashicorp/google\"]",
      "instances": [
        {
          "schema_version": 3,
          "attributes": {
            "autoclass": [],
            "cors": [
              {
                "max_age_seconds": 3600,
                "method": [
                  "GET",
                  "HEAD",
                  "PUT",
                  "POST",
                  "DELETE"
                ],
                "origin": [
                  "*"
                ],
                "response_header": [
                  "*"
                ]
              }
            ],
            "custom_placement_config": [],
            "default_event_based_hold": false,
            "effective_labels": {
              "goog-terraform-provisioned": "true"
            },
            "enable_object_retention": false,
            "encryption": [],
            "force_destroy": false,
            "hierarchical_namespace": [
              {
                "enabled": false
              }
            ],
            "id": "meetmanager-data-mmtools-488404",
            "ip_filter": [],
            "labels": null,
            "lifecycle_rule": [],
            "location": "US-WEST1",
            "logging": [],
            "name": "meetmanager-data-mmtools-488404",
            "project": "mmtools-488404",
            "project_number": 39869978853,
            "public_access_prevention": "inherited",
            "requester_pays": false,
            "retention_policy": [],
            "rpo": null,
            "self_link": "https://www.googleapis.com/storage/v1/b/meetmanager-data-mmtools-488404",
            "soft_delete_policy": [
              {
                "effective_time": "2026-03-14T14:05:31.345Z",
                "retention_duration_seconds": 604800
              }
            ],
            "storage_class": "STANDARD",
            "terraform_labels": {
              "goog-terraform-provisioned": "true"
            },
            "time_created": "2026-03-14T14:05:31.345Z",
            "timeouts": null,
            "uniform_bucket_level_access": true,
            "updated": "2026-03-14T14:05:31.345Z",
            "url": "gs://meetmanager-data-mmtools-488404",
            "versioning": [],
            "website": []
          },
          "sensitive_attributes": [],
          "private": "eyJlMmJmYjczMC1lY2FhLTExZTYtOGY4OC0zNDM2M2JjN2M0YzAiOnsiY3JlYXRlIjo2MDAwMDAwMDAwMDAsInJlYWQiOjI0MDAwMDAwMDAwMCwidXBkYXRlIjoyNDAwMDAwMDAwMDB9LCJzY2hlbWFfdmVyc2lvbiI6IjMifQ==",
          "dependencies": [
            "google_project_service.apis"
          ]
        }
      ]
    },
    {
      "mode": "managed",
      "type": "google_storage_bucket_iam_member",
      "name": "storage_admin",
      "provider": "provider[\"registry.terraform.io/hashicorp/google\"]",
      "instances": [
        {
          "schema_version": 0,
          "attributes": {
            "bucket": "b/meetmanager-data-mmtools-488404",
            "condition": [],
            "etag": "CAI=",
            "id": "b/meetmanager-data-mmtools-488404/roles/storage.objectAdmin/serviceAccount:meetmanager-runner@mmtools-488404.iam.gserviceaccount.com",
            "member": "serviceAccount:meetmanager-runner@mmtools-488404.iam.gserviceaccount.com",
            "role": "roles/storage.objectAdmin"
          },
          "sensitive_attributes": [],
          "private": "bnVsbA==",
          "dependencies": [
            "google_project_service.apis",
            "google_service_account.run_sa",
            "google_storage_bucket.data_bucket"
          ]
        }
      ]
    }
  ],
  "check_results": null
}
